
Microsoft Visual Studio Solution File, Format Version 12.00
# Visual Studio Version 16
VisualStudioVersion = 16.0.31729.503
MinimumVisualStudioVersion = 10.0.40219.1
Project("{FAE04EC0-301F-11D3-BF4B-00C04F79EFBC}") = "Discord Webhook Sender", "Discord WebHook Sender\Discord Webhook Sender.csproj", "{492EB2EE-C4F2-45D3-80A5-4EACF397B7D4}"
EndProject
Global
	GlobalSection(SolutionConfigurationPlatforms) = preSolution
		Debug|Any CPU = Debug|Any CPU
		Release|Any CPU = Release|Any CPU
	EndGlobalSection
	GlobalSection(ProjectConfigurationPlatforms) = postSolution
		{492EB2EE-C4F2-45D3-80A5-4EACF397B7D4}.Debug|Any CPU.ActiveCfg = Debug|Any CPU
		{492EB2EE-C4F2-45D3-80A5-4EACF397B7D4}.Debug|Any CPU.Build.0 = Debug|Any CPU
		{492EB2EE-C4F2-45D3-80A5-4EACF397B7D4}.Release|Any CPU.ActiveCfg = Release|Any CPU
		{492EB2EE-C4F2-45D3-80A5-4EACF397B7D4}.Release|Any CPU.Build.0 = Release|Any CPU
	EndGlobalSection
	GlobalSection(SolutionProperties) = preSolution
		HideSolutionNode = FALSE
	EndGlobalSection
	GlobalSection(ExtensibilityGlobals) = postSolution
		SolutionGuid = {B1BCE606-BC6B-4D7B-A144-612A04ED002D}
	EndGlobalSection
EndGlobal
